
Microsoft Visual Studio Solution File, Format Version 12.00
# Visual Studio Version 17
VisualStudioVersion = 17.4.33403.182
MinimumVisualStudioVersion = 10.0.40219.1
Project("{FAE04EC0-301F-11D3-BF4B-00C04F79EFBC}") = "sharp_task", "sharp_task\sharp_task.csproj", "{4008422F-1F5A-4EAF-BB53-25A8D0BCE146}"
EndProject
Global
	GlobalSection(SolutionConfigurationPlatforms) = preSolution
		Debug|Any CPU = Debug|Any CPU
		Release|Any CPU = Release|Any CPU
	EndGlobalSection
	GlobalSection(ProjectConfigurationPlatforms) = postSolution
		{4008422F-1F5A-4EAF-BB53-25A8D0BCE146}.Debug|Any CPU.ActiveCfg = Debug|Any CPU
		{4008422F-1F5A-4EAF-BB53-25A8D0BCE146}.Debug|Any CPU.Build.0 = Debug|Any CPU
		{4008422F-1F5A-4EAF-BB53-25A8D0BCE146}.Release|Any CPU.ActiveCfg = Release|Any CPU
		{4008422F-1F5A-4EAF-BB53-25A8D0BCE146}.Release|Any CPU.Build.0 = Release|Any CPU
	EndGlobalSection
	GlobalSection(SolutionProperties) = preSolution
		HideSolutionNode = FALSE
	EndGlobalSection
	GlobalSection(ExtensibilityGlobals) = postSolution
		SolutionGuid = {5112AC99-E55E-44E0-8E02-244526B10AEB}
	EndGlobalSection
EndGlobal
