
Microsoft Visual Studio Solution File, Format Version 12.00
# Visual Studio Version 17
VisualStudioVersion = 17.4.33403.182
MinimumVisualStudioVersion = 10.0.40219.1
Project("{FAE04EC0-301F-11D3-BF4B-00C04F79EFBC}") = "sharp_task2", "sharp_task2\sharp_task2.csproj", "{360D7E26-A396-434A-BA45-AFD4A4CD0084}"
EndProject
Global
	GlobalSection(SolutionConfigurationPlatforms) = preSolution
		Debug|Any CPU = Debug|Any CPU
		Release|Any CPU = Release|Any CPU
	EndGlobalSection
	GlobalSection(ProjectConfigurationPlatforms) = postSolution
		{360D7E26-A396-434A-BA45-AFD4A4CD0084}.Debug|Any CPU.ActiveCfg = Debug|Any CPU
		{360D7E26-A396-434A-BA45-AFD4A4CD0084}.Debug|Any CPU.Build.0 = Debug|Any CPU
		{360D7E26-A396-434A-BA45-AFD4A4CD0084}.Release|Any CPU.ActiveCfg = Release|Any CPU
		{360D7E26-A396-434A-BA45-AFD4A4CD0084}.Release|Any CPU.Build.0 = Release|Any CPU
	EndGlobalSection
	GlobalSection(SolutionProperties) = preSolution
		HideSolutionNode = FALSE
	EndGlobalSection
	GlobalSection(ExtensibilityGlobals) = postSolution
		SolutionGuid = {FF5233CB-6498-4964-B6F5-960EFE54BA81}
	EndGlobalSection
EndGlobal
